
Microsoft Visual Studio Solution File, Format Version 12.00
# Visual Studio Version 17
VisualStudioVersion = 17.2.32519.379
MinimumVisualStudioVersion = 10.0.40219.1
Project("{FAE04EC0-301F-11D3-BF4B-00C04F79EFBC}") = "iRacing Deltabar Service", "iRacing Deltabar Service.csproj", "{537FE3BB-7E0E-411B-9918-B0DC1C5D8DF4}"
EndProject
Project("{FAE04EC0-301F-11D3-BF4B-00C04F79EFBC}") = "ServiceRunner", "..\ServiceRunner\ServiceRunner.csproj", "{A243C001-3F0C-4C21-B072-A8556866971B}"
EndProject
Project("{FAE04EC0-301F-11D3-BF4B-00C04F79EFBC}") = "iRacingSdkWrapper", "..\iRacingSdkWrapper\iRacingSdkWrapper\iRacingSdkWrapper.csproj", "{D6DB568B-35B3-49EB-8CB3-E4E5F1424247}"
EndProject
Project("{FAE04EC0-301F-11D3-BF4B-00C04F79EFBC}") = "iRSDKSharp", "..\iRacingSdkWrapper\irsdkSharp\iRSDKSharp.csproj", "{72631B85-EB9A-473E-9B4C-65B355A9000D}"
EndProject
Project("{FAE04EC0-301F-11D3-BF4B-00C04F79EFBC}") = "iRacingSimulator", "..\iRacingSdkWrapper\iRacingSimulator\iRacingSimulator.csproj", "{1765E7DB-BEE4-4324-A396-923D80B61EA0}"
EndProject
Global
	GlobalSection(SolutionConfigurationPlatforms) = preSolution
		Debug|Any CPU = Debug|Any CPU
		Debug|ARM = Debug|ARM
		Debug|ARM64 = Debug|ARM64
		Debug|x64 = Debug|x64
		Debug|x86 = Debug|x86
		Release|Any CPU = Release|Any CPU
		Release|ARM = Release|ARM
		Release|ARM64 = Release|ARM64
		Release|x64 = Release|x64
		Release|x86 = Release|x86
	EndGlobalSection
	GlobalSection(ProjectConfigurationPlatforms) = postSolution
		{537FE3BB-7E0E-411B-9918-B0DC1C5D8DF4}.Debug|Any CPU.ActiveCfg = Debug|x64
		{537FE3BB-7E0E-411B-9918-B0DC1C5D8DF4}.Debug|Any CPU.Build.0 = Debug|x64
		{537FE3BB-7E0E-411B-9918-B0DC1C5D8DF4}.Debug|Any CPU.Deploy.0 = Debug|x64
		{537FE3BB-7E0E-411B-9918-B0DC1C5D8DF4}.Debug|ARM.ActiveCfg = Debug|ARM
		{537FE3BB-7E0E-411B-9918-B0DC1C5D8DF4}.Debug|ARM.Build.0 = Debug|ARM
		{537FE3BB-7E0E-411B-9918-B0DC1C5D8DF4}.Debug|ARM.Deploy.0 = Debug|ARM
		{537FE3BB-7E0E-411B-9918-B0DC1C5D8DF4}.Debug|ARM64.ActiveCfg = Debug|ARM64
		{537FE3BB-7E0E-411B-9918-B0DC1C5D8DF4}.Debug|ARM64.Build.0 = Debug|ARM64
		{537FE3BB-7E0E-411B-9918-B0DC1C5D8DF4}.Debug|ARM64.Deploy.0 = Debug|ARM64
		{537FE3BB-7E0E-411B-9918-B0DC1C5D8DF4}.Debug|x64.ActiveCfg = Debug|x64
		{537FE3BB-7E0E-411B-9918-B0DC1C5D8DF4}.Debug|x64.Build.0 = Debug|x64
		{537FE3BB-7E0E-411B-9918-B0DC1C5D8DF4}.Debug|x64.Deploy.0 = Debug|x64
		{537FE3BB-7E0E-411B-9918-B0DC1C5D8DF4}.Debug|x86.ActiveCfg = Debug|x86
		{537FE3BB-7E0E-411B-9918-B0DC1C5D8DF4}.Debug|x86.Build.0 = Debug|x86
		{537FE3BB-7E0E-411B-9918-B0DC1C5D8DF4}.Debug|x86.Deploy.0 = Debug|x86
		{537FE3BB-7E0E-411B-9918-B0DC1C5D8DF4}.Release|Any CPU.ActiveCfg = Release|x64
		{537FE3BB-7E0E-411B-9918-B0DC1C5D8DF4}.Release|Any CPU.Build.0 = Release|x64
		{537FE3BB-7E0E-411B-9918-B0DC1C5D8DF4}.Release|Any CPU.Deploy.0 = Release|x64
		{537FE3BB-7E0E-411B-9918-B0DC1C5D8DF4}.Release|ARM.ActiveCfg = Release|ARM
		{537FE3BB-7E0E-411B-9918-B0DC1C5D8DF4}.Release|ARM.Build.0 = Release|ARM
		{537FE3BB-7E0E-411B-9918-B0DC1C5D8DF4}.Release|ARM.Deploy.0 = Release|ARM
		{537FE3BB-7E0E-411B-9918-B0DC1C5D8DF4}.Release|ARM64.ActiveCfg = Release|ARM64
		{537FE3BB-7E0E-411B-9918-B0DC1C5D8DF4}.Release|ARM64.Build.0 = Release|ARM64
		{537FE3BB-7E0E-411B-9918-B0DC1C5D8DF4}.Release|ARM64.Deploy.0 = Release|ARM64
		{537FE3BB-7E0E-411B-9918-B0DC1C5D8DF4}.Release|x64.ActiveCfg = Release|x64
		{537FE3BB-7E0E-411B-9918-B0DC1C5D8DF4}.Release|x64.Build.0 = Release|x64
		{537FE3BB-7E0E-411B-9918-B0DC1C5D8DF4}.Release|x64.Deploy.0 = Release|x64
		{537FE3BB-7E0E-411B-9918-B0DC1C5D8DF4}.Release|x86.ActiveCfg = Release|x86
		{537FE3BB-7E0E-411B-9918-B0DC1C5D8DF4}.Release|x86.Build.0 = Release|x86
		{537FE3BB-7E0E-411B-9918-B0DC1C5D8DF4}.Release|x86.Deploy.0 = Release|x86
		{A243C001-3F0C-4C21-B072-A8556866971B}.Debug|Any CPU.ActiveCfg = Debug|Any CPU
		{A243C001-3F0C-4C21-B072-A8556866971B}.Debug|Any CPU.Build.0 = Debug|Any CPU
		{A243C001-3F0C-4C21-B072-A8556866971B}.Debug|ARM.ActiveCfg = Debug|ARM
		{A243C001-3F0C-4C21-B072-A8556866971B}.Debug|ARM.Build.0 = Debug|ARM
		{A243C001-3F0C-4C21-B072-A8556866971B}.Debug|ARM64.ActiveCfg = Debug|ARM64
		{A243C001-3F0C-4C21-B072-A8556866971B}.Debug|ARM64.Build.0 = Debug|ARM64
		{A243C001-3F0C-4C21-B072-A8556866971B}.Debug|x64.ActiveCfg = Debug|x64
		{A243C001-3F0C-4C21-B072-A8556866971B}.Debug|x64.Build.0 = Debug|x64
		{A243C001-3F0C-4C21-B072-A8556866971B}.Debug|x86.ActiveCfg = Debug|x86
		{A243C001-3F0C-4C21-B072-A8556866971B}.Debug|x86.Build.0 = Debug|x86
		{A243C001-3F0C-4C21-B072-A8556866971B}.Release|Any CPU.ActiveCfg = Release|Any CPU
		{A243C001-3F0C-4C21-B072-A8556866971B}.Release|Any CPU.Build.0 = Release|Any CPU
		{A243C001-3F0C-4C21-B072-A8556866971B}.Release|ARM.ActiveCfg = Release|ARM
		{A243C001-3F0C-4C21-B072-A8556866971B}.Release|ARM.Build.0 = Release|ARM
		{A243C001-3F0C-4C21-B072-A8556866971B}.Release|ARM64.ActiveCfg = Release|ARM64
		{A243C001-3F0C-4C21-B072-A8556866971B}.Release|ARM64.Build.0 = Release|ARM64
		{A243C001-3F0C-4C21-B072-A8556866971B}.Release|x64.ActiveCfg = Release|x64
		{A243C001-3F0C-4C21-B072-A8556866971B}.Release|x64.Build.0 = Release|x64
		{A243C001-3F0C-4C21-B072-A8556866971B}.Release|x86.ActiveCfg = Release|x86
		{A243C001-3F0C-4C21-B072-A8556866971B}.Release|x86.Build.0 = Release|x86
		{D6DB568B-35B3-49EB-8CB3-E4E5F1424247}.Debug|Any CPU.ActiveCfg = Debug|Any CPU
		{D6DB568B-35B3-49EB-8CB3-E4E5F1424247}.Debug|Any CPU.Build.0 = Debug|Any CPU
		{D6DB568B-35B3-49EB-8CB3-E4E5F1424247}.Debug|ARM.ActiveCfg = Debug|Any CPU
		{D6DB568B-35B3-49EB-8CB3-E4E5F1424247}.Debug|ARM.Build.0 = Debug|Any CPU
		{D6DB568B-35B3-49EB-8CB3-E4E5F1424247}.Debug|ARM64.ActiveCfg = Debug|Any CPU
		{D6DB568B-35B3-49EB-8CB3-E4E5F1424247}.Debug|ARM64.Build.0 = Debug|Any CPU
		{D6DB568B-35B3-49EB-8CB3-E4E5F1424247}.Debug|x64.ActiveCfg = Debug|Any CPU
		{D6DB568B-35B3-49EB-8CB3-E4E5F1424247}.Debug|x64.Build.0 = Debug|Any CPU
		{D6DB568B-35B3-49EB-8CB3-E4E5F1424247}.Debug|x86.ActiveCfg = Debug|Any CPU
		{D6DB568B-35B3-49EB-8CB3-E4E5F1424247}.Debug|x86.Build.0 = Debug|Any CPU
		{D6DB568B-35B3-49EB-8CB3-E4E5F1424247}.Release|Any CPU.ActiveCfg = Release|Any CPU
		{D6DB568B-35B3-49EB-8CB3-E4E5F1424247}.Release|Any CPU.Build.0 = Release|Any CPU
		{D6DB568B-35B3-49EB-8CB3-E4E5F1424247}.Release|ARM.ActiveCfg = Release|Any CPU
		{D6DB568B-35B3-49EB-8CB3-E4E5F1424247}.Release|ARM.Build.0 = Release|Any CPU
		{D6DB568B-35B3-49EB-8CB3-E4E5F1424247}.Release|ARM64.ActiveCfg = Release|Any CPU
		{D6DB568B-35B3-49EB-8CB3-E4E5F1424247}.Release|ARM64.Build.0 = Release|Any CPU
		{D6DB568B-35B3-49EB-8CB3-E4E5F1424247}.Release|x64.ActiveCfg = Release|Any CPU
		{D6DB568B-35B3-49EB-8CB3-E4E5F1424247}.Release|x64.Build.0 = Release|Any CPU
		{D6DB568B-35B3-49EB-8CB3-E4E5F1424247}.Release|x86.ActiveCfg = Release|Any CPU
		{D6DB568B-35B3-49EB-8CB3-E4E5F1424247}.Release|x86.Build.0 = Release|Any CPU
		{72631B85-EB9A-473E-9B4C-65B355A9000D}.Debug|Any CPU.ActiveCfg = Debug|Any CPU
		{72631B85-EB9A-473E-9B4C-65B355A9000D}.Debug|Any CPU.Build.0 = Debug|Any CPU
		{72631B85-EB9A-473E-9B4C-65B355A9000D}.Debug|ARM.ActiveCfg = Debug|Any CPU
		{72631B85-EB9A-473E-9B4C-65B355A9000D}.Debug|ARM.Build.0 = Debug|Any CPU
		{72631B85-EB9A-473E-9B4C-65B355A9000D}.Debug|ARM64.ActiveCfg = Debug|Any CPU
		{72631B85-EB9A-473E-9B4C-65B355A9000D}.Debug|ARM64.Build.0 = Debug|Any CPU
		{72631B85-EB9A-473E-9B4C-65B355A9000D}.Debug|x64.ActiveCfg = Debug|Any CPU
		{72631B85-EB9A-473E-9B4C-65B355A9000D}.Debug|x64.Build.0 = Debug|Any CPU
		{72631B85-EB9A-473E-9B4C-65B355A9000D}.Debug|x86.ActiveCfg = Debug|Any CPU
		{72631B85-EB9A-473E-9B4C-65B355A9000D}.Debug|x86.Build.0 = Debug|Any CPU
		{72631B85-EB9A-473E-9B4C-65B355A9000D}.Release|Any CPU.ActiveCfg = Release|Any CPU
		{72631B85-EB9A-473E-9B4C-65B355A9000D}.Release|Any CPU.Build.0 = Release|Any CPU
		{72631B85-EB9A-473E-9B4C-65B355A9000D}.Release|ARM.ActiveCfg = Release|Any CPU
		{72631B85-EB9A-473E-9B4C-65B355A9000D}.Release|ARM.Build.0 = Release|Any CPU
		{72631B85-EB9A-473E-9B4C-65B355A9000D}.Release|ARM64.ActiveCfg = Release|Any CPU
		{72631B85-EB9A-473E-9B4C-65B355A9000D}.Release|ARM64.Build.0 = Release|Any CPU
		{72631B85-EB9A-473E-9B4C-65B355A9000D}.Release|x64.ActiveCfg = Release|Any CPU
		{72631B85-EB9A-473E-9B4C-65B355A9000D}.Release|x64.Build.0 = Release|Any CPU
		{72631B85-EB9A-473E-9B4C-65B355A9000D}.Release|x86.ActiveCfg = Release|Any CPU
		{72631B85-EB9A-473E-9B4C-65B355A9000D}.Release|x86.Build.0 = Release|Any CPU
		{1765E7DB-BEE4-4324-A396-923D80B61EA0}.Debug|Any CPU.ActiveCfg = Debug|Any CPU
		{1765E7DB-BEE4-4324-A396-923D80B61EA0}.Debug|Any CPU.Build.0 = Debug|Any CPU
		{1765E7DB-BEE4-4324-A396-923D80B61EA0}.Debug|ARM.ActiveCfg = Debug|Any CPU
		{1765E7DB-BEE4-4324-A396-923D80B61EA0}.Debug|ARM.Build.0 = Debug|Any CPU
		{1765E7DB-BEE4-4324-A396-923D80B61EA0}.Debug|ARM64.ActiveCfg = Debug|Any CPU
		{1765E7DB-BEE4-4324-A396-923D80B61EA0}.Debug|ARM64.Build.0 = Debug|Any CPU
		{1765E7DB-BEE4-4324-A396-923D80B61EA0}.Debug|x64.ActiveCfg = Debug|Any CPU
		{1765E7DB-BEE4-4324-A396-923D80B61EA0}.Debug|x64.Build.0 = Debug|Any CPU
		{1765E7DB-BEE4-4324-A396-923D80B61EA0}.Debug|x86.ActiveCfg = Debug|Any CPU
		{1765E7DB-BEE4-4324-A396-923D80B61EA0}.Debug|x86.Build.0 = Debug|Any CPU
		{1765E7DB-BEE4-4324-A396-923D80B61EA0}.Release|Any CPU.ActiveCfg = Release|Any CPU
		{1765E7DB-BEE4-4324-A396-923D80B61EA0}.Release|Any CPU.Build.0 = Release|Any CPU
		{1765E7DB-BEE4-4324-A396-923D80B61EA0}.Release|ARM.ActiveCfg = Release|Any CPU
		{1765E7DB-BEE4-4324-A396-923D80B61EA0}.Release|ARM.Build.0 = Release|Any CPU
		{1765E7DB-BEE4-4324-A396-923D80B61EA0}.Release|ARM64.ActiveCfg = Release|Any CPU
		{1765E7DB-BEE4-4324-A396-923D80B61EA0}.Release|ARM64.Build.0 = Release|Any CPU
		{1765E7DB-BEE4-4324-A396-923D80B61EA0}.Release|x64.ActiveCfg = Release|Any CPU
		{1765E7DB-BEE4-4324-A396-923D80B61EA0}.Release|x64.Build.0 = Release|Any CPU
		{1765E7DB-BEE4-4324-A396-923D80B61EA0}.Release|x86.ActiveCfg = Release|Any CPU
		{1765E7DB-BEE4-4324-A396-923D80B61EA0}.Release|x86.Build.0 = Release|Any CPU
	EndGlobalSection
	GlobalSection(SolutionProperties) = preSolution
		HideSolutionNode = FALSE
	EndGlobalSection
	GlobalSection(ExtensibilityGlobals) = postSolution
		SolutionGuid = {1A260414-F859-493F-8BE0-1C0141B04435}
	EndGlobalSection
EndGlobal
